{
  "name": "node",
  "lockfileVersion": 2,
  "requires": true,
  "packages": {
    "../..": {
      "name": "ed25519_dalek",
      "version": "1.1.12",
      "extraneous": true,
      "license": "Unlicense",
      "devDependencies": {
        "bunchee": "^2.0.1",
        "rimraf": "^3.0.2",
        "ttypescript": "^1.5.13",
        "typescript": "4.8.3",
        "typescript-transform-paths": "^3.3.1"
      }
    }
  }
}
