{
  "name": "node",
  "lockfileVersion": 2,
  "requires": true,
  "packages": {
    "": {
      "dependencies": {
        "@hazae41/berith": "file:../..",
        "@noble/ed25519": "^1.7.1",
        "@noble/hashes": "^1.1.3",
        "ed25519_dalek": "^1.1.14",
        "nodemark": "^0.3.0",
        "supercop.wasm": "^5.0.1"
      }
    },
    "../..": {
      "version": "1.1.34",
      "license": "Unlicense",
      "dependencies": {
        "tslib": "^2.4.1"
      },
      "devDependencies": {
        "@hazae41/phobos": "^1.0.7",
        "@rollup/plugin-commonjs": "^24.0.0",
        "@rollup/plugin-node-resolve": "^15.0.1",
        "@rollup/plugin-typescript": "^10.0.1",
        "@types/node": "^18.11.18",
        "rimraf": "^3.0.2",
        "rollup": "^3.9.1",
        "rollup-plugin-dts": "^5.1.0",
        "rollup-plugin-node-externals": "^5.0.3",
        "ts-node": "^10.9.1",
        "ttypescript": "^1.5.15",
        "typescript": "^4.9.4",
        "typescript-transform-paths": "^3.4.4"
      }
    },
    "node_modules/@hazae41/berith": {
      "resolved": "../..",
      "link": true
    },
    "node_modules/@noble/ed25519": {
      "version": "1.7.1",
      "resolved": "https://registry.npmjs.org/@noble/ed25519/-/ed25519-1.7.1.tgz",
      "integrity": "sha512-Rk4SkJFaXZiznFyC/t77Q0NKS4FL7TLJJsVG2V2oiEq3kJVeTdxysEe/yRWSpnWMe808XRDJ+VFh5pt/FN5plw==",
      "funding": [
        {
          "type": "individual",
          "url": "https://paulmillr.com/funding/"
        }
      ]
    },
    "node_modules/@noble/hashes": {
      "version": "1.1.3",
      "resolved": "https://registry.npmjs.org/@noble/hashes/-/hashes-1.1.3.tgz",
      "integrity": "sha512-CE0FCR57H2acVI5UOzIGSSIYxZ6v/HOhDR0Ro9VLyhnzLwx0o8W1mmgaqlEUx4049qJDlIBRztv5k+MM8vbO3A==",
      "funding": [
        {
          "type": "individual",
          "url": "https://paulmillr.com/funding/"
        }
      ]
    },
    "node_modules/ed25519_dalek": {
      "version": "1.1.14",
      "resolved": "https://registry.npmjs.org/ed25519_dalek/-/ed25519_dalek-1.1.14.tgz",
      "integrity": "sha512-Aeb3+bFtitOh/x7tnHZjLL3Zj2f4ARXZRbPG/5ZhWUYh1zVuXkb2p/RQqBzdxscdgK7idBwoDPT++BTpqnw2yg=="
    },
    "node_modules/nodemark": {
      "version": "0.3.0",
      "resolved": "https://registry.npmjs.org/nodemark/-/nodemark-0.3.0.tgz",
      "integrity": "sha512-ehT+NfV5liLY1sZVcosWiCViWHltQTnjsh/7GYkMkirzuyYw/K2VAbgwEIldAM1e9LJ3coGF6uBlTw1/EdZ1XA=="
    },
    "node_modules/supercop.wasm": {
      "version": "5.0.1",
      "resolved": "https://registry.npmjs.org/supercop.wasm/-/supercop.wasm-5.0.1.tgz",
      "integrity": "sha512-C3qHi/Dvl9Ef2IVUiy3eT/eINVFAGQKiFTfW5TRtbzjSyjr4x5qpjzwF+AjR1oG48aQ/fYMes/nyi+aS+cMw4Q=="
    }
  },
  "dependencies": {
    "@hazae41/berith": {
      "version": "file:../..",
      "requires": {
        "@hazae41/phobos": "^1.0.7",
        "@rollup/plugin-commonjs": "^24.0.0",
        "@rollup/plugin-node-resolve": "^15.0.1",
        "@rollup/plugin-typescript": "^10.0.1",
        "@types/node": "^18.11.18",
        "rimraf": "^3.0.2",
        "rollup": "^3.9.1",
        "rollup-plugin-dts": "^5.1.0",
        "rollup-plugin-node-externals": "^5.0.3",
        "ts-node": "^10.9.1",
        "tslib": "^2.4.1",
        "ttypescript": "^1.5.15",
        "typescript": "^4.9.4",
        "typescript-transform-paths": "^3.4.4"
      }
    },
    "@noble/ed25519": {
      "version": "1.7.1",
      "resolved": "https://registry.npmjs.org/@noble/ed25519/-/ed25519-1.7.1.tgz",
      "integrity": "sha512-Rk4SkJFaXZiznFyC/t77Q0NKS4FL7TLJJsVG2V2oiEq3kJVeTdxysEe/yRWSpnWMe808XRDJ+VFh5pt/FN5plw=="
    },
    "@noble/hashes": {
      "version": "1.1.3",
      "resolved": "https://registry.npmjs.org/@noble/hashes/-/hashes-1.1.3.tgz",
      "integrity": "sha512-CE0FCR57H2acVI5UOzIGSSIYxZ6v/HOhDR0Ro9VLyhnzLwx0o8W1mmgaqlEUx4049qJDlIBRztv5k+MM8vbO3A=="
    },
    "ed25519_dalek": {
      "version": "1.1.14",
      "resolved": "https://registry.npmjs.org/ed25519_dalek/-/ed25519_dalek-1.1.14.tgz",
      "integrity": "sha512-Aeb3+bFtitOh/x7tnHZjLL3Zj2f4ARXZRbPG/5ZhWUYh1zVuXkb2p/RQqBzdxscdgK7idBwoDPT++BTpqnw2yg=="
    },
    "nodemark": {
      "version": "0.3.0",
      "resolved": "https://registry.npmjs.org/nodemark/-/nodemark-0.3.0.tgz",
      "integrity": "sha512-ehT+NfV5liLY1sZVcosWiCViWHltQTnjsh/7GYkMkirzuyYw/K2VAbgwEIldAM1e9LJ3coGF6uBlTw1/EdZ1XA=="
    },
    "supercop.wasm": {
      "version": "5.0.1",
      "resolved": "https://registry.npmjs.org/supercop.wasm/-/supercop.wasm-5.0.1.tgz",
      "integrity": "sha512-C3qHi/Dvl9Ef2IVUiy3eT/eINVFAGQKiFTfW5TRtbzjSyjr4x5qpjzwF+AjR1oG48aQ/fYMes/nyi+aS+cMw4Q=="
    }
  }
}
